{
  "name": "prompt-as-detection-library",
  "version": "0.3.0-dev.2",
  "lockfileVersion": 3,
  "requires": true,
  "packages": {
    "": {
      "name": "prompt-as-detection-library",
      "version": "0.3.0-dev.2",
      "license": "MIT",
      "engines": {
        "node": ">=22"
      }
    }
  }
}
